// !$*UTF8*$!
{
	archiveVersion = 1;
	classes = {
	};
	objectVersion = 46;
	objects = {

/* Begin PBXBuildFile section */
		41CE8BFDCA2D711D6C5D9205 /* libPods-ZZDownloadCenterDemo.a in Frameworks */ = {isa = PBXBuildFile; fileRef = DA5897C057B9E6D392F31486 /* libPods-ZZDownloadCenterDemo.a */; };
		AE24A2161F17B61900DD4B7B /* DownloadModel.m in Sources */ = {isa = PBXBuildFile; fileRef = AE24A2151F17B61900DD4B7B /* DownloadModel.m */; };
		AE24A2191F17B72700DD4B7B /* DownloadViewModel.m in Sources */ = {isa = PBXBuildFile; fileRef = AE24A2181F17B72700DD4B7B /* DownloadViewModel.m */; };
		AE24A21C1F17C5A800DD4B7B /* DownloadDetailController.m in Sources */ = {isa = PBXBuildFile; fileRef = AE24A21B1F17C5A800DD4B7B /* DownloadDetailController.m */; };
		AE32DA161F0D276300BB8489 /* main.m in Sources */ = {isa = PBXBuildFile; fileRef = AE32DA151F0D276300BB8489 /* main.m */; };
		AE32DA191F0D276300BB8489 /* AppDelegate.m in Sources */ = {isa = PBXBuildFile; fileRef = AE32DA181F0D276300BB8489 /* AppDelegate.m */; };
		AE32DA1C1F0D276300BB8489 /* ListViewController.m in Sources */ = {isa = PBXBuildFile; fileRef = AE32DA1B1F0D276300BB8489 /* ListViewController.m */; };
		AE32DA211F0D276300BB8489 /* Assets.xcassets in Resources */ = {isa = PBXBuildFile; fileRef = AE32DA201F0D276300BB8489 /* Assets.xcassets */; };
		AE32DA241F0D276300BB8489 /* LaunchScreen.storyboard in Resources */ = {isa = PBXBuildFile; fileRef = AE32DA221F0D276300BB8489 /* LaunchScreen.storyboard */; };
		AE32DA2E1F0DB7EC00BB8489 /* ZZDownloadCenter.m in Sources */ = {isa = PBXBuildFile; fileRef = AE32DA2D1F0DB7EC00BB8489 /* ZZDownloadCenter.m */; };
		AE32DA311F0DB8D700BB8489 /* ZZDownloadConfiguration.m in Sources */ = {isa = PBXBuildFile; fileRef = AE32DA301F0DB8D700BB8489 /* ZZDownloadConfiguration.m */; };
		AE32DA371F0DBF2500BB8489 /* ZZDownloadOperation.m in Sources */ = {isa = PBXBuildFile; fileRef = AE32DA361F0DBF2500BB8489 /* ZZDownloadOperation.m */; };
		AE32DA3A1F0DBF5600BB8489 /* ZZDownloadFileManager.m in Sources */ = {isa = PBXBuildFile; fileRef = AE32DA391F0DBF5600BB8489 /* ZZDownloadFileManager.m */; };
		E9A4D9641F10AC4600917A71 /* ZZDownloadSessionHelper.m in Sources */ = {isa = PBXBuildFile; fileRef = E9A4D9631F10AC4600917A71 /* ZZDownloadSessionHelper.m */; };
		E9C3F0341F11C6C100B9CBA5 /* NSString+Hash.m in Sources */ = {isa = PBXBuildFile; fileRef = E9C3F0331F11C6C100B9CBA5 /* NSString+Hash.m */; };
/* End PBXBuildFile section */

/* Begin PBXFileReference section */
		1E821280E739C6EACC46E19A /* Pods-ZZDownloadCenterDemo.debug.xcconfig */ = {isa = PBXFileReference; includeInIndex = 1; lastKnownFileType = text.xcconfig; name = "Pods-ZZDownloadCenterDemo.debug.xcconfig"; path = "Pods/Target Support Files/Pods-ZZDownloadCenterDemo/Pods-ZZDownloadCenterDemo.debug.xcconfig"; sourceTree = "<group>"; };
		AE24A2141F17B61900DD4B7B /* DownloadModel.h */ = {isa = PBXFileReference; fileEncoding = 4; lastKnownFileType = sourcecode.c.h; path = DownloadModel.h; sourceTree = "<group>"; };
		AE24A2151F17B61900DD4B7B /* DownloadModel.m */ = {isa = PBXFileReference; fileEncoding = 4; lastKnownFileType = sourcecode.c.objc; path = DownloadModel.m; sourceTree = "<group>"; };
		AE24A2171F17B72700DD4B7B /* DownloadViewModel.h */ = {isa = PBXFileReference; fileEncoding = 4; lastKnownFileType = sourcecode.c.h; path = DownloadViewModel.h; sourceTree = "<group>"; };
		AE24A2181F17B72700DD4B7B /* DownloadViewModel.m */ = {isa = PBXFileReference; fileEncoding = 4; lastKnownFileType = sourcecode.c.objc; path = DownloadViewModel.m; sourceTree = "<group>"; };
		AE24A21A1F17C5A800DD4B7B /* DownloadDetailController.h */ = {isa = PBXFileReference; fileEncoding = 4; lastKnownFileType = sourcecode.c.h; path = DownloadDetailController.h; sourceTree = "<group>"; };
		AE24A21B1F17C5A800DD4B7B /* DownloadDetailController.m */ = {isa = PBXFileReference; fileEncoding = 4; lastKnownFileType = sourcecode.c.objc; path = DownloadDetailController.m; sourceTree = "<group>"; };
		AE32DA111F0D276300BB8489 /* ZZDownloadCenterDemo.app */ = {isa = PBXFileReference; explicitFileType = wrapper.application; includeInIndex = 0; path = ZZDownloadCenterDemo.app; sourceTree = BUILT_PRODUCTS_DIR; };
		AE32DA151F0D276300BB8489 /* main.m */ = {isa = PBXFileReference; lastKnownFileType = sourcecode.c.objc; path = main.m; sourceTree = "<group>"; };
		AE32DA171F0D276300BB8489 /* AppDelegate.h */ = {isa = PBXFileReference; lastKnownFileType = sourcecode.c.h; path = AppDelegate.h; sourceTree = "<group>"; };
		AE32DA181F0D276300BB8489 /* AppDelegate.m */ = {isa = PBXFileReference; lastKnownFileType = sourcecode.c.objc; path = AppDelegate.m; sourceTree = "<group>"; };
		AE32DA1A1F0D276300BB8489 /* ListViewController.h */ = {isa = PBXFileReference; lastKnownFileType = sourcecode.c.h; path = ListViewController.h; sourceTree = "<group>"; };
		AE32DA1B1F0D276300BB8489 /* ListViewController.m */ = {isa = PBXFileReference; lastKnownFileType = sourcecode.c.objc; path = ListViewController.m; sourceTree = "<group>"; };
		AE32DA201F0D276300BB8489 /* Assets.xcassets */ = {isa = PBXFileReference; lastKnownFileType = folder.assetcatalog; path = Assets.xcassets; sourceTree = "<group>"; };
		AE32DA231F0D276300BB8489 /* Base */ = {isa = PBXFileReference; lastKnownFileType = file.storyboard; name = Base; path = Base.lproj/LaunchScreen.storyboard; sourceTree = "<group>"; };
		AE32DA251F0D276300BB8489 /* Info.plist */ = {isa = PBXFileReference; lastKnownFileType = text.plist.xml; path = Info.plist; sourceTree = "<group>"; };
		AE32DA2C1F0DB7EC00BB8489 /* ZZDownloadCenter.h */ = {isa = PBXFileReference; fileEncoding = 4; lastKnownFileType = sourcecode.c.h; path = ZZDownloadCenter.h; sourceTree = "<group>"; };
		AE32DA2D1F0DB7EC00BB8489 /* ZZDownloadCenter.m */ = {isa = PBXFileReference; fileEncoding = 4; lastKnownFileType = sourcecode.c.objc; path = ZZDownloadCenter.m; sourceTree = "<group>"; };
		AE32DA2F1F0DB8D700BB8489 /* ZZDownloadConfiguration.h */ = {isa = PBXFileReference; fileEncoding = 4; lastKnownFileType = sourcecode.c.h; path = ZZDownloadConfiguration.h; sourceTree = "<group>"; };
		AE32DA301F0DB8D700BB8489 /* ZZDownloadConfiguration.m */ = {isa = PBXFileReference; fileEncoding = 4; lastKnownFileType = sourcecode.c.objc; path = ZZDownloadConfiguration.m; sourceTree = "<group>"; };
		AE32DA351F0DBF2500BB8489 /* ZZDownloadOperation.h */ = {isa = PBXFileReference; fileEncoding = 4; lastKnownFileType = sourcecode.c.h; path = ZZDownloadOperation.h; sourceTree = "<group>"; };
		AE32DA361F0DBF2500BB8489 /* ZZDownloadOperation.m */ = {isa = PBXFileReference; fileEncoding = 4; lastKnownFileType = sourcecode.c.objc; path = ZZDownloadOperation.m; sourceTree = "<group>"; };
		AE32DA381F0DBF5600BB8489 /* ZZDownloadFileManager.h */ = {isa = PBXFileReference; fileEncoding = 4; lastKnownFileType = sourcecode.c.h; path = ZZDownloadFileManager.h; sourceTree = "<group>"; };
		AE32DA391F0DBF5600BB8489 /* ZZDownloadFileManager.m */ = {isa = PBXFileReference; fileEncoding = 4; lastKnownFileType = sourcecode.c.objc; path = ZZDownloadFileManager.m; sourceTree = "<group>"; };
		D884680F4E8BF495F70B16E4 /* Pods-ZZDownloadCenterDemo.release.xcconfig */ = {isa = PBXFileReference; includeInIndex = 1; lastKnownFileType = text.xcconfig; name = "Pods-ZZDownloadCenterDemo.release.xcconfig"; path = "Pods/Target Support Files/Pods-ZZDownloadCenterDemo/Pods-ZZDownloadCenterDemo.release.xcconfig"; sourceTree = "<group>"; };
		DA5897C057B9E6D392F31486 /* libPods-ZZDownloadCenterDemo.a */ = {isa = PBXFileReference; explicitFileType = archive.ar; includeInIndex = 0; path = "libPods-ZZDownloadCenterDemo.a"; sourceTree = BUILT_PRODUCTS_DIR; };
		E9A4D9621F10AC4600917A71 /* ZZDownloadSessionHelper.h */ = {isa = PBXFileReference; fileEncoding = 4; lastKnownFileType = sourcecode.c.h; path = ZZDownloadSessionHelper.h; sourceTree = "<group>"; };
		E9A4D9631F10AC4600917A71 /* ZZDownloadSessionHelper.m */ = {isa = PBXFileReference; fileEncoding = 4; lastKnownFileType = sourcecode.c.objc; path = ZZDownloadSessionHelper.m; sourceTree = "<group>"; };
		E9C3F0321F11C6C100B9CBA5 /* NSString+Hash.h */ = {isa = PBXFileReference; fileEncoding = 4; lastKnownFileType = sourcecode.c.h; path = "NSString+Hash.h"; sourceTree = "<group>"; };
		E9C3F0331F11C6C100B9CBA5 /* NSString+Hash.m */ = {isa = PBXFileReference; fileEncoding = 4; lastKnownFileType = sourcecode.c.objc; path = "NSString+Hash.m"; sourceTree = "<group>"; };
/* End PBXFileReference section */

/* Begin PBXFrameworksBuildPhase section */
		AE32DA0E1F0D276300BB8489 /* Frameworks */ = {
			isa = PBXFrameworksBuildPhase;
			buildActionMask = 2147483647;
			files = (
				41CE8BFDCA2D711D6C5D9205 /* libPods-ZZDownloadCenterDemo.a in Frameworks */,
			);
			runOnlyForDeploymentPostprocessing = 0;
		};
/* End PBXFrameworksBuildPhase section */

/* Begin PBXGroup section */
		5233B0DAA799ADD077A79815 /* Pods */ = {
			isa = PBXGroup;
			children = (
				1E821280E739C6EACC46E19A /* Pods-ZZDownloadCenterDemo.debug.xcconfig */,
				D884680F4E8BF495F70B16E4 /* Pods-ZZDownloadCenterDemo.release.xcconfig */,
			);
			name = Pods;
			sourceTree = "<group>";
		};
		AE32DA081F0D276300BB8489 = {
			isa = PBXGroup;
			children = (
				AE32DA131F0D276300BB8489 /* ZZDownloadCenterDemo */,
				AE32DA121F0D276300BB8489 /* Products */,
				5233B0DAA799ADD077A79815 /* Pods */,
				B5300F73CFEF7E0E3F837BFC /* Frameworks */,
			);
			sourceTree = "<group>";
		};
		AE32DA121F0D276300BB8489 /* Products */ = {
			isa = PBXGroup;
			children = (
				AE32DA111F0D276300BB8489 /* ZZDownloadCenterDemo.app */,
			);
			name = Products;
			sourceTree = "<group>";
		};
		AE32DA131F0D276300BB8489 /* ZZDownloadCenterDemo */ = {
			isa = PBXGroup;
			children = (
				AE32DA171F0D276300BB8489 /* AppDelegate.h */,
				AE32DA181F0D276300BB8489 /* AppDelegate.m */,
				AE32DA1A1F0D276300BB8489 /* ListViewController.h */,
				AE32DA1B1F0D276300BB8489 /* ListViewController.m */,
				AE24A2141F17B61900DD4B7B /* DownloadModel.h */,
				AE24A2151F17B61900DD4B7B /* DownloadModel.m */,
				AE24A2171F17B72700DD4B7B /* DownloadViewModel.h */,
				AE24A2181F17B72700DD4B7B /* DownloadViewModel.m */,
				AE24A21A1F17C5A800DD4B7B /* DownloadDetailController.h */,
				AE24A21B1F17C5A800DD4B7B /* DownloadDetailController.m */,
				AE32DA201F0D276300BB8489 /* Assets.xcassets */,
				AE32DA221F0D276300BB8489 /* LaunchScreen.storyboard */,
				AE32DA251F0D276300BB8489 /* Info.plist */,
				AE32DA141F0D276300BB8489 /* Supporting Files */,
				AE32DA2C1F0DB7EC00BB8489 /* ZZDownloadCenter.h */,
				AE32DA2D1F0DB7EC00BB8489 /* ZZDownloadCenter.m */,
				AE32DA2F1F0DB8D700BB8489 /* ZZDownloadConfiguration.h */,
				AE32DA301F0DB8D700BB8489 /* ZZDownloadConfiguration.m */,
				AE32DA351F0DBF2500BB8489 /* ZZDownloadOperation.h */,
				AE32DA361F0DBF2500BB8489 /* ZZDownloadOperation.m */,
				AE32DA381F0DBF5600BB8489 /* ZZDownloadFileManager.h */,
				AE32DA391F0DBF5600BB8489 /* ZZDownloadFileManager.m */,
				E9A4D9621F10AC4600917A71 /* ZZDownloadSessionHelper.h */,
				E9A4D9631F10AC4600917A71 /* ZZDownloadSessionHelper.m */,
				E9C3F0321F11C6C100B9CBA5 /* NSString+Hash.h */,
				E9C3F0331F11C6C100B9CBA5 /* NSString+Hash.m */,
			);
			path = ZZDownloadCenterDemo;
			sourceTree = "<group>";
		};
		AE32DA141F0D276300BB8489 /* Supporting Files */ = {
			isa = PBXGroup;
			children = (
				AE32DA151F0D276300BB8489 /* main.m */,
			);
			name = "Supporting Files";
			sourceTree = "<group>";
		};
		B5300F73CFEF7E0E3F837BFC /* Frameworks */ = {
			isa = PBXGroup;
			children = (
				DA5897C057B9E6D392F31486 /* libPods-ZZDownloadCenterDemo.a */,
			);
			name = Frameworks;
			sourceTree = "<group>";
		};
/* End PBXGroup section */

/* Begin PBXNativeTarget section */
		AE32DA101F0D276300BB8489 /* ZZDownloadCenterDemo */ = {
			isa = PBXNativeTarget;
			buildConfigurationList = AE32DA281F0D276300BB8489 /* Build configuration list for PBXNativeTarget "ZZDownloadCenterDemo" */;
			buildPhases = (
				A1C30E29B205F6E33B7DFA56 /* [CP] Check Pods Manifest.lock */,
				AE32DA0D1F0D276300BB8489 /* Sources */,
				AE32DA0E1F0D276300BB8489 /* Frameworks */,
				AE32DA0F1F0D276300BB8489 /* Resources */,
				60072F5424E091CDFE161944 /* [CP] Embed Pods Frameworks */,
				565D699D89440E1A3380D184 /* [CP] Copy Pods Resources */,
			);
			buildRules = (
			);
			dependencies = (
			);
			name = ZZDownloadCenterDemo;
			productName = ZZDownloadCenterDemo;
			productReference = AE32DA111F0D276300BB8489 /* ZZDownloadCenterDemo.app */;
			productType = "com.apple.product-type.application";
		};
/* End PBXNativeTarget section */

/* Begin PBXProject section */
		AE32DA091F0D276300BB8489 /* Project object */ = {
			isa = PBXProject;
			attributes = {
				LastUpgradeCheck = 0830;
				ORGANIZATIONNAME = zhuo;
				TargetAttributes = {
					AE32DA101F0D276300BB8489 = {
						CreatedOnToolsVersion = 8.3.2;
						DevelopmentTeam = F847W98V97;
						ProvisioningStyle = Automatic;
					};
				};
			};
			buildConfigurationList = AE32DA0C1F0D276300BB8489 /* Build configuration list for PBXProject "ZZDownloadCenterDemo" */;
			compatibilityVersion = "Xcode 3.2";
			developmentRegion = English;
			hasScannedForEncodings = 0;
			knownRegions = (
				en,
				Base,
			);
			mainGroup = AE32DA081F0D276300BB8489;
			productRefGroup = AE32DA121F0D276300BB8489 /* Products */;
			projectDirPath = "";
			projectRoot = "";
			targets = (
				AE32DA101F0D276300BB8489 /* ZZDownloadCenterDemo */,
			);
		};
/* End PBXProject section */

/* Begin PBXResourcesBuildPhase section */
		AE32DA0F1F0D276300BB8489 /* Resources */ = {
			isa = PBXResourcesBuildPhase;
			buildActionMask = 2147483647;
			files = (
				AE32DA241F0D276300BB8489 /* LaunchScreen.storyboard in Resources */,
				AE32DA211F0D276300BB8489 /* Assets.xcassets in Resources */,
			);
			runOnlyForDeploymentPostprocessing = 0;
		};
/* End PBXResourcesBuildPhase section */

/* Begin PBXShellScriptBuildPhase section */
		565D699D89440E1A3380D184 /* [CP] Copy Pods Resources */ = {
			isa = PBXShellScriptBuildPhase;
			buildActionMask = 2147483647;
			files = (
			);
			inputPaths = (
			);
			name = "[CP] Copy Pods Resources";
			outputPaths = (
			);
			runOnlyForDeploymentPostprocessing = 0;
			shellPath = /bin/sh;
			shellScript = "\"${SRCROOT}/Pods/Target Support Files/Pods-ZZDownloadCenterDemo/Pods-ZZDownloadCenterDemo-resources.sh\"\n";
			showEnvVarsInLog = 0;
		};
		60072F5424E091CDFE161944 /* [CP] Embed Pods Frameworks */ = {
			isa = PBXShellScriptBuildPhase;
			buildActionMask = 2147483647;
			files = (
			);
			inputPaths = (
			);
			name = "[CP] Embed Pods Frameworks";
			outputPaths = (
			);
			runOnlyForDeploymentPostprocessing = 0;
			shellPath = /bin/sh;
			shellScript = "\"${SRCROOT}/Pods/Target Support Files/Pods-ZZDownloadCenterDemo/Pods-ZZDownloadCenterDemo-frameworks.sh\"\n";
			showEnvVarsInLog = 0;
		};
		A1C30E29B205F6E33B7DFA56 /* [CP] Check Pods Manifest.lock */ = {
			isa = PBXShellScriptBuildPhase;
			buildActionMask = 2147483647;
			files = (
			);
			inputPaths = (
			);
			name = "[CP] Check Pods Manifest.lock";
			outputPaths = (
			);
			runOnlyForDeploymentPostprocessing = 0;
			shellPath = /bin/sh;
			shellScript = "diff \"${PODS_PODFILE_DIR_PATH}/Podfile.lock\" \"${PODS_ROOT}/Manifest.lock\" > /dev/null\nif [ $? != 0 ] ; then\n    # print error to STDERR\n    echo \"error: The sandbox is not in sync with the Podfile.lock. Run 'pod install' or update your CocoaPods installation.\" >&2\n    exit 1\nfi\n";
			showEnvVarsInLog = 0;
		};
/* End PBXShellScriptBuildPhase section */

/* Begin PBXSourcesBuildPhase section */
		AE32DA0D1F0D276300BB8489 /* Sources */ = {
			isa = PBXSourcesBuildPhase;
			buildActionMask = 2147483647;
			files = (
				AE24A21C1F17C5A800DD4B7B /* DownloadDetailController.m in Sources */,
				AE32DA3A1F0DBF5600BB8489 /* ZZDownloadFileManager.m in Sources */,
				AE32DA1C1F0D276300BB8489 /* ListViewController.m in Sources */,
				AE32DA191F0D276300BB8489 /* AppDelegate.m in Sources */,
				AE24A2161F17B61900DD4B7B /* DownloadModel.m in Sources */,
				AE32DA371F0DBF2500BB8489 /* ZZDownloadOperation.m in Sources */,
				E9C3F0341F11C6C100B9CBA5 /* NSString+Hash.m in Sources */,
				AE24A2191F17B72700DD4B7B /* DownloadViewModel.m in Sources */,
				AE32DA2E1F0DB7EC00BB8489 /* ZZDownloadCenter.m in Sources */,
				AE32DA161F0D276300BB8489 /* main.m in Sources */,
				E9A4D9641F10AC4600917A71 /* ZZDownloadSessionHelper.m in Sources */,
				AE32DA311F0DB8D700BB8489 /* ZZDownloadConfiguration.m in Sources */,
			);
			runOnlyForDeploymentPostprocessing = 0;
		};
/* End PBXSourcesBuildPhase section */

/* Begin PBXVariantGroup section */
		AE32DA221F0D276300BB8489 /* LaunchScreen.storyboard */ = {
			isa = PBXVariantGroup;
			children = (
				AE32DA231F0D276300BB8489 /* Base */,
			);
			name = LaunchScreen.storyboard;
			sourceTree = "<group>";
		};
/* End PBXVariantGroup section */

/* Begin XCBuildConfiguration section */
		AE32DA261F0D276300BB8489 /* Debug */ = {
			isa = XCBuildConfiguration;
			buildSettings = {
				ALWAYS_SEARCH_USER_PATHS = NO;
				CLANG_ANALYZER_NONNULL = YES;
				CLANG_ANALYZER_NUMBER_OBJECT_CONVERSION = YES_AGGRESSIVE;
				CLANG_CXX_LANGUAGE_STANDARD = "gnu++0x";
				CLANG_CXX_LIBRARY = "libc++";
				CLANG_ENABLE_MODULES = YES;
				CLANG_ENABLE_OBJC_ARC = YES;
				CLANG_WARN_BOOL_CONVERSION = YES;
				CLANG_WARN_CONSTANT_CONVERSION = YES;
				CLANG_WARN_DIRECT_OBJC_ISA_USAGE = YES_ERROR;
				CLANG_WARN_DOCUMENTATION_COMMENTS = YES;
				CLANG_WARN_EMPTY_BODY = YES;
				CLANG_WARN_ENUM_CONVERSION = YES;
				CLANG_WARN_INFINITE_RECURSION = YES;
				CLANG_WARN_INT_CONVERSION = YES;
				CLANG_WARN_OBJC_ROOT_CLASS = YES_ERROR;
				CLANG_WARN_SUSPICIOUS_MOVE = YES;
				CLANG_WARN_UNREACHABLE_CODE = YES;
				CLANG_WARN__DUPLICATE_METHOD_MATCH = YES;
				"CODE_SIGN_IDENTITY[sdk=iphoneos*]" = "iPhone Developer";
				COPY_PHASE_STRIP = NO;
				DEBUG_INFORMATION_FORMAT = dwarf;
				ENABLE_STRICT_OBJC_MSGSEND = YES;
				ENABLE_TESTABILITY = YES;
				GCC_C_LANGUAGE_STANDARD = gnu99;
				GCC_DYNAMIC_NO_PIC = NO;
				GCC_NO_COMMON_BLOCKS = YES;
				GCC_OPTIMIZATION_LEVEL = 0;
				GCC_PREPROCESSOR_DEFINITIONS = (
					"DEBUG=1",
					"$(inherited)",
				);
				GCC_WARN_64_TO_32_BIT_CONVERSION = YES;
				GCC_WARN_ABOUT_RETURN_TYPE = YES_ERROR;
				GCC_WARN_UNDECLARED_SELECTOR = YES;
				GCC_WARN_UNINITIALIZED_AUTOS = YES_AGGRESSIVE;
				GCC_WARN_UNUSED_FUNCTION = YES;
				GCC_WARN_UNUSED_VARIABLE = YES;
				IPHONEOS_DEPLOYMENT_TARGET = 10.3;
				MTL_ENABLE_DEBUG_INFO = YES;
				ONLY_ACTIVE_ARCH = YES;
				SDKROOT = iphoneos;
			};
			name = Debug;
		};
		AE32DA271F0D276300BB8489 /* Release */ = {
			isa = XCBuildConfiguration;
			buildSettings = {
				ALWAYS_SEARCH_USER_PATHS = NO;
				CLANG_ANALYZER_NONNULL = YES;
				CLANG_ANALYZER_NUMBER_OBJECT_CONVERSION = YES_AGGRESSIVE;
				CLANG_CXX_LANGUAGE_STANDARD = "gnu++0x";
				CLANG_CXX_LIBRARY = "libc++";
				CLANG_ENABLE_MODULES = YES;
				CLANG_ENABLE_OBJC_ARC = YES;
				CLANG_WARN_BOOL_CONVERSION = YES;
				CLANG_WARN_CONSTANT_CONVERSION = YES;
				CLANG_WARN_DIRECT_OBJC_ISA_USAGE = YES_ERROR;
				CLANG_WARN_DOCUMENTATION_COMMENTS = YES;
				CLANG_WARN_EMPTY_BODY = YES;
				CLANG_WARN_ENUM_CONVERSION = YES;
				CLANG_WARN_INFINITE_RECURSION = YES;
				CLANG_WARN_INT_CONVERSION = YES;
				CLANG_WARN_OBJC_ROOT_CLASS = YES_ERROR;
				CLANG_WARN_SUSPICIOUS_MOVE = YES;
				CLANG_WARN_UNREACHABLE_CODE = YES;
				CLANG_WARN__DUPLICATE_METHOD_MATCH = YES;
				"CODE_SIGN_IDENTITY[sdk=iphoneos*]" = "iPhone Developer";
				COPY_PHASE_STRIP = NO;
				DEBUG_INFORMATION_FORMAT = "dwarf-with-dsym";
				ENABLE_NS_ASSERTIONS = NO;
				ENABLE_STRICT_OBJC_MSGSEND = YES;
				GCC_C_LANGUAGE_STANDARD = gnu99;
				GCC_NO_COMMON_BLOCKS = YES;
				GCC_WARN_64_TO_32_BIT_CONVERSION = YES;
				GCC_WARN_ABOUT_RETURN_TYPE = YES_ERROR;
				GCC_WARN_UNDECLARED_SELECTOR = YES;
				GCC_WARN_UNINITIALIZED_AUTOS = YES_AGGRESSIVE;
				GCC_WARN_UNUSED_FUNCTION = YES;
				GCC_WARN_UNUSED_VARIABLE = YES;
				IPHONEOS_DEPLOYMENT_TARGET = 10.3;
				MTL_ENABLE_DEBUG_INFO = NO;
				SDKROOT = iphoneos;
				VALIDATE_PRODUCT = YES;
			};
			name = Release;
		};
		AE32DA291F0D276300BB8489 /* Debug */ = {
			isa = XCBuildConfiguration;
			baseConfigurationReference = 1E821280E739C6EACC46E19A /* Pods-ZZDownloadCenterDemo.debug.xcconfig */;
			buildSettings = {
				ASSETCATALOG_COMPILER_APPICON_NAME = AppIcon;
				DEVELOPMENT_TEAM = F847W98V97;
				INFOPLIST_FILE = ZZDownloadCenterDemo/Info.plist;
				LD_RUNPATH_SEARCH_PATHS = "$(inherited) @executable_path/Frameworks";
				PRODUCT_BUNDLE_IDENTIFIER = com.365ime.zhuo.ZZDownloadCenterDemo;
				PRODUCT_NAME = "$(TARGET_NAME)";
			};
			name = Debug;
		};
		AE32DA2A1F0D276300BB8489 /* Release */ = {
			isa = XCBuildConfiguration;
			baseConfigurationReference = D884680F4E8BF495F70B16E4 /* Pods-ZZDownloadCenterDemo.release.xcconfig */;
			buildSettings = {
				ASSETCATALOG_COMPILER_APPICON_NAME = AppIcon;
				DEVELOPMENT_TEAM = F847W98V97;
				INFOPLIST_FILE = ZZDownloadCenterDemo/Info.plist;
				LD_RUNPATH_SEARCH_PATHS = "$(inherited) @executable_path/Frameworks";
				PRODUCT_BUNDLE_IDENTIFIER = com.365ime.zhuo.ZZDownloadCenterDemo;
				PRODUCT_NAME = "$(TARGET_NAME)";
			};
			name = Release;
		};
/* End XCBuildConfiguration section */

/* Begin XCConfigurationList section */
		AE32DA0C1F0D276300BB8489 /* Build configuration list for PBXProject "ZZDownloadCenterDemo" */ = {
			isa = XCConfigurationList;
			buildConfigurations = (
				AE32DA261F0D276300BB8489 /* Debug */,
				AE32DA271F0D276300BB8489 /* Release */,
			);
			defaultConfigurationIsVisible = 0;
			defaultConfigurationName = Release;
		};
		AE32DA281F0D276300BB8489 /* Build configuration list for PBXNativeTarget "ZZDownloadCenterDemo" */ = {
			isa = XCConfigurationList;
			buildConfigurations = (
				AE32DA291F0D276300BB8489 /* Debug */,
				AE32DA2A1F0D276300BB8489 /* Release */,
			);
			defaultConfigurationIsVisible = 0;
			defaultConfigurationName = Release;
		};
/* End XCConfigurationList section */
	};
	rootObject = AE32DA091F0D276300BB8489 /* Project object */;
}
